
Microsoft Visual Studio Solution File, Format Version 12.00
# Visual Studio Version 17
VisualStudioVersion = 17.14.36414.22 d17.14
MinimumVisualStudioVersion = 10.0.40219.1
Project("{FAE04EC0-301F-11D3-BF4B-00C04F79EFBC}") = "AppEleicoes", "AppEleicoes\AppEleicoes.csproj", "{C5D31135-04AB-4751-A8B3-DB718CC2729D}"
EndProject
Global
	GlobalSection(SolutionConfigurationPlatforms) = preSolution
		Debug|Any CPU = Debug|Any CPU
		Release|Any CPU = Release|Any CPU
	EndGlobalSection
	GlobalSection(ProjectConfigurationPlatforms) = postSolution
		{C5D31135-04AB-4751-A8B3-DB718CC2729D}.Debug|Any CPU.ActiveCfg = Debug|Any CPU
		{C5D31135-04AB-4751-A8B3-DB718CC2729D}.Debug|Any CPU.Build.0 = Debug|Any CPU
		{C5D31135-04AB-4751-A8B3-DB718CC2729D}.Release|Any CPU.ActiveCfg = Release|Any CPU
		{C5D31135-04AB-4751-A8B3-DB718CC2729D}.Release|Any CPU.Build.0 = Release|Any CPU
	EndGlobalSection
	GlobalSection(SolutionProperties) = preSolution
		HideSolutionNode = FALSE
	EndGlobalSection
	GlobalSection(ExtensibilityGlobals) = postSolution
		SolutionGuid = {490F7A7E-831D-43D8-BCF8-65FCBC0F4D5D}
	EndGlobalSection
EndGlobal
